PODS:
  - Alamofire (3.2.1)
  - AlamofireNetworkActivityIndicator (1.0.0):
    - Alamofire (~> 3.2)
  - Mantle (2.0.6):
    - Mantle/extobjc (= 2.0.6)
  - Mantle/extobjc (2.0.6)
  - SDWebImage (3.7.5):
    - SDWebImage/Core (= 3.7.5)
  - SDWebImage/Core (3.7.5)

DEPENDENCIES:
  - Alamofire
  - AlamofireNetworkActivityIndicator
  - Mantle
  - SDWebImage

SPEC CHECKSUMS:
  Alamofire: f11d8624a05f5d39e0c99309b3e600a3ba64298a
  AlamofireNetworkActivityIndicator: 34e6fe7ebb5d8df76cc55fbf83a6087ae6457344
  Mantle: 299966b00759634931699f69cb6a30b9239b944d
  SDWebImage: 69c6303e3348fba97e03f65d65d4fbc26740f461

COCOAPODS: 0.39.0
